// !$*UTF8*$!
{
	archiveVersion = 1;
	classes = {
	};
	objectVersion = 48;
	objects = {

/* Begin PBXBuildFile section */
		0F6C4C8E2093861C006003F7 /* simtime.cpp in Sources */ = {isa = PBXBuildFile; fileRef = 0F6C4C842093861C006003F7 /* simtime.cpp */; };
		0F6C4C8F2093861C006003F7 /* intersection.cpp in Sources */ = {isa = PBXBuildFile; fileRef = 0F6C4C862093861C006003F7 /* intersection.cpp */; };
		0F6C4C902093861C006003F7 /* car.cpp in Sources */ = {isa = PBXBuildFile; fileRef = 0F6C4C8B2093861C006003F7 /* car.cpp */; };
		0F6C4C912093861C006003F7 /* traffic-control.cpp in Sources */ = {isa = PBXBuildFile; fileRef = 0F6C4C8C2093861C006003F7 /* traffic-control.cpp */; };
		0F8AF2AF20938E65005B057C /* ex_inp.txt in Sources */ = {isa = PBXBuildFile; fileRef = 0F6C4C872093861C006003F7 /* ex_inp.txt */; };
/* End PBXBuildFile section */

/* Begin PBXCopyFilesBuildPhase section */
		0F583A32207C7F130081D2AB /* CopyFiles */ = {
			isa = PBXCopyFilesBuildPhase;
			buildActionMask = 2147483647;
			dstPath = /usr/share/man/man1/;
			dstSubfolderSpec = 0;
			files = (
			);
			runOnlyForDeploymentPostprocessing = 1;
		};
/* End PBXCopyFilesBuildPhase section */

/* Begin PBXFileReference section */
		0F583A34207C7F130081D2AB /* traffic */ = {isa = PBXFileReference; explicitFileType = "compiled.mach-o.executable"; includeInIndex = 0; path = traffic; sourceTree = BUILT_PRODUCTS_DIR; };
		0F6C4C842093861C006003F7 /* simtime.cpp */ = {isa = PBXFileReference; fileEncoding = 4; lastKnownFileType = sourcecode.cpp.cpp; name = simtime.cpp; path = ../../../../../Downloads/crossing/simtime.cpp; sourceTree = "<group>"; };
		0F6C4C852093861C006003F7 /* car.h */ = {isa = PBXFileReference; fileEncoding = 4; lastKnownFileType = sourcecode.c.h; name = car.h; path = ../../../../../Downloads/crossing/car.h; sourceTree = "<group>"; };
		0F6C4C862093861C006003F7 /* intersection.cpp */ = {isa = PBXFileReference; fileEncoding = 4; lastKnownFileType = sourcecode.cpp.cpp; name = intersection.cpp; path = ../../../../../Downloads/crossing/intersection.cpp; sourceTree = "<group>"; };
		0F6C4C872093861C006003F7 /* ex_inp.txt */ = {isa = PBXFileReference; fileEncoding = 4; lastKnownFileType = text; name = ex_inp.txt; path = ../../../../../Downloads/crossing/ex_inp.txt; sourceTree = "<group>"; };
		0F6C4C882093861C006003F7 /* intersection.h */ = {isa = PBXFileReference; fileEncoding = 4; lastKnownFileType = sourcecode.c.h; name = intersection.h; path = ../../../../../Downloads/crossing/intersection.h; sourceTree = "<group>"; };
		0F6C4C892093861C006003F7 /* simtime.h */ = {isa = PBXFileReference; fileEncoding = 4; lastKnownFileType = sourcecode.c.h; name = simtime.h; path = ../../../../../Downloads/crossing/simtime.h; sourceTree = "<group>"; };
		0F6C4C8A2093861C006003F7 /* directions.h */ = {isa = PBXFileReference; fileEncoding = 4; lastKnownFileType = sourcecode.c.h; name = directions.h; path = ../../../../../Downloads/crossing/directions.h; sourceTree = "<group>"; };
		0F6C4C8B2093861C006003F7 /* car.cpp */ = {isa = PBXFileReference; fileEncoding = 4; lastKnownFileType = sourcecode.cpp.cpp; name = car.cpp; path = ../../../../../Downloads/crossing/car.cpp; sourceTree = "<group>"; };
		0F6C4C8C2093861C006003F7 /* traffic-control.cpp */ = {isa = PBXFileReference; fileEncoding = 4; lastKnownFileType = sourcecode.cpp.cpp; name = "traffic-control.cpp"; path = "../../../../../Downloads/crossing/traffic-control.cpp"; sourceTree = "<group>"; };
		0F6C4C8D2093861C006003F7 /* common.h */ = {isa = PBXFileReference; fileEncoding = 4; lastKnownFileType = sourcecode.c.h; name = common.h; path = ../../../../../Downloads/crossing/common.h; sourceTree = "<group>"; };
/* End PBXFileReference section */

/* Begin PBXFrameworksBuildPhase section */
		0F583A31207C7F130081D2AB /* Frameworks */ = {
			isa = PBXFrameworksBuildPhase;
			buildActionMask = 2147483647;
			files = (
			);
			runOnlyForDeploymentPostprocessing = 0;
		};
/* End PBXFrameworksBuildPhase section */

/* Begin PBXGroup section */
		0F583A2B207C7F130081D2AB = {
			isa = PBXGroup;
			children = (
				0F583A36207C7F130081D2AB /* traffic */,
				0F583A35207C7F130081D2AB /* Products */,
			);
			sourceTree = "<group>";
		};
		0F583A35207C7F130081D2AB /* Products */ = {
			isa = PBXGroup;
			children = (
				0F583A34207C7F130081D2AB /* traffic */,
			);
			name = Products;
			sourceTree = "<group>";
		};
		0F583A36207C7F130081D2AB /* traffic */ = {
			isa = PBXGroup;
			children = (
				0F6C4C8B2093861C006003F7 /* car.cpp */,
				0F6C4C852093861C006003F7 /* car.h */,
				0F6C4C8D2093861C006003F7 /* common.h */,
				0F6C4C8A2093861C006003F7 /* directions.h */,
				0F6C4C872093861C006003F7 /* ex_inp.txt */,
				0F6C4C862093861C006003F7 /* intersection.cpp */,
				0F6C4C882093861C006003F7 /* intersection.h */,
				0F6C4C842093861C006003F7 /* simtime.cpp */,
				0F6C4C892093861C006003F7 /* simtime.h */,
				0F6C4C8C2093861C006003F7 /* traffic-control.cpp */,
			);
			path = traffic;
			sourceTree = "<group>";
		};
/* End PBXGroup section */

/* Begin PBXNativeTarget section */
		0F583A33207C7F130081D2AB /* traffic */ = {
			isa = PBXNativeTarget;
			buildConfigurationList = 0F583A3B207C7F130081D2AB /* Build configuration list for PBXNativeTarget "traffic" */;
			buildPhases = (
				0F583A30207C7F130081D2AB /* Sources */,
				0F583A31207C7F130081D2AB /* Frameworks */,
				0F583A32207C7F130081D2AB /* CopyFiles */,
			);
			buildRules = (
			);
			dependencies = (
			);
			name = traffic;
			productName = traffic;
			productReference = 0F583A34207C7F130081D2AB /* traffic */;
			productType = "com.apple.product-type.tool";
		};
/* End PBXNativeTarget section */

/* Begin PBXProject section */
		0F583A2C207C7F130081D2AB /* Project object */ = {
			isa = PBXProject;
			attributes = {
				LastUpgradeCheck = 0920;
				ORGANIZATIONNAME = UofM;
				TargetAttributes = {
					0F583A33207C7F130081D2AB = {
						CreatedOnToolsVersion = 9.2;
						ProvisioningStyle = Automatic;
					};
				};
			};
			buildConfigurationList = 0F583A2F207C7F130081D2AB /* Build configuration list for PBXProject "traffic" */;
			compatibilityVersion = "Xcode 8.0";
			developmentRegion = en;
			hasScannedForEncodings = 0;
			knownRegions = (
				en,
			);
			mainGroup = 0F583A2B207C7F130081D2AB;
			productRefGroup = 0F583A35207C7F130081D2AB /* Products */;
			projectDirPath = "";
			projectRoot = "";
			targets = (
				0F583A33207C7F130081D2AB /* traffic */,
			);
		};
/* End PBXProject section */

/* Begin PBXSourcesBuildPhase section */
		0F583A30207C7F130081D2AB /* Sources */ = {
			isa = PBXSourcesBuildPhase;
			buildActionMask = 2147483647;
			files = (
				0F8AF2AF20938E65005B057C /* ex_inp.txt in Sources */,
				0F6C4C8E2093861C006003F7 /* simtime.cpp in Sources */,
				0F6C4C8F2093861C006003F7 /* intersection.cpp in Sources */,
				0F6C4C902093861C006003F7 /* car.cpp in Sources */,
				0F6C4C912093861C006003F7 /* traffic-control.cpp in Sources */,
			);
			runOnlyForDeploymentPostprocessing = 0;
		};
/* End PBXSourcesBuildPhase section */

/* Begin XCBuildConfiguration section */
		0F583A39207C7F130081D2AB /* Debug */ = {
			isa = XCBuildConfiguration;
			buildSettings = {
				ALWAYS_SEARCH_USER_PATHS = NO;
				CLANG_ANALYZER_NONNULL = YES;
				CLANG_ANALYZER_NUMBER_OBJECT_CONVERSION = YES_AGGRESSIVE;
				CLANG_CXX_LANGUAGE_STANDARD = "gnu++14";
				CLANG_CXX_LIBRARY = "libc++";
				CLANG_ENABLE_MODULES = YES;
				CLANG_ENABLE_OBJC_ARC = YES;
				CLANG_WARN_BLOCK_CAPTURE_AUTORELEASING = YES;
				CLANG_WARN_BOOL_CONVERSION = YES;
				CLANG_WARN_COMMA = YES;
				CLANG_WARN_CONSTANT_CONVERSION = YES;
				CLANG_WARN_DIRECT_OBJC_ISA_USAGE = YES_ERROR;
				CLANG_WARN_DOCUMENTATION_COMMENTS = YES;
				CLANG_WARN_EMPTY_BODY = YES;
				CLANG_WARN_ENUM_CONVERSION = YES;
				CLANG_WARN_INFINITE_RECURSION = YES;
				CLANG_WARN_INT_CONVERSION = YES;
				CLANG_WARN_NON_LITERAL_NULL_CONVERSION = YES;
				CLANG_WARN_OBJC_LITERAL_CONVERSION = YES;
				CLANG_WARN_OBJC_ROOT_CLASS = YES_ERROR;
				CLANG_WARN_RANGE_LOOP_ANALYSIS = YES;
				CLANG_WARN_STRICT_PROTOTYPES = YES;
				CLANG_WARN_SUSPICIOUS_MOVE = YES;
				CLANG_WARN_UNGUARDED_AVAILABILITY = YES_AGGRESSIVE;
				CLANG_WARN_UNREACHABLE_CODE = YES;
				CLANG_WARN__DUPLICATE_METHOD_MATCH = YES;
				CODE_SIGN_IDENTITY = "Mac Developer";
				COPY_PHASE_STRIP = NO;
				DEBUG_INFORMATION_FORMAT = dwarf;
				ENABLE_STRICT_OBJC_MSGSEND = YES;
				ENABLE_TESTABILITY = YES;
				GCC_C_LANGUAGE_STANDARD = gnu11;
				GCC_DYNAMIC_NO_PIC = NO;
				GCC_NO_COMMON_BLOCKS = YES;
				GCC_OPTIMIZATION_LEVEL = 0;
				GCC_PREPROCESSOR_DEFINITIONS = (
					"DEBUG=1",
					"$(inherited)",
				);
				GCC_WARN_64_TO_32_BIT_CONVERSION = YES;
				GCC_WARN_ABOUT_RETURN_TYPE = YES_ERROR;
				GCC_WARN_UNDECLARED_SELECTOR = YES;
				GCC_WARN_UNINITIALIZED_AUTOS = YES_AGGRESSIVE;
				GCC_WARN_UNUSED_FUNCTION = YES;
				GCC_WARN_UNUSED_VARIABLE = YES;
				MACOSX_DEPLOYMENT_TARGET = 10.13;
				MTL_ENABLE_DEBUG_INFO = YES;
				ONLY_ACTIVE_ARCH = YES;
				SDKROOT = macosx;
			};
			name = Debug;
		};
		0F583A3A207C7F130081D2AB /* Release */ = {
			isa = XCBuildConfiguration;
			buildSettings = {
				ALWAYS_SEARCH_USER_PATHS = NO;
				CLANG_ANALYZER_NONNULL = YES;
				CLANG_ANALYZER_NUMBER_OBJECT_CONVERSION = YES_AGGRESSIVE;
				CLANG_CXX_LANGUAGE_STANDARD = "gnu++14";
				CLANG_CXX_LIBRARY = "libc++";
				CLANG_ENABLE_MODULES = YES;
				CLANG_ENABLE_OBJC_ARC = YES;
				CLANG_WARN_BLOCK_CAPTURE_AUTORELEASING = YES;
				CLANG_WARN_BOOL_CONVERSION = YES;
				CLANG_WARN_COMMA = YES;
				CLANG_WARN_CONSTANT_CONVERSION = YES;
				CLANG_WARN_DIRECT_OBJC_ISA_USAGE = YES_ERROR;
				CLANG_WARN_DOCUMENTATION_COMMENTS = YES;
				CLANG_WARN_EMPTY_BODY = YES;
				CLANG_WARN_ENUM_CONVERSION = YES;
				CLANG_WARN_INFINITE_RECURSION = YES;
				CLANG_WARN_INT_CONVERSION = YES;
				CLANG_WARN_NON_LITERAL_NULL_CONVERSION = YES;
				CLANG_WARN_OBJC_LITERAL_CONVERSION = YES;
				CLANG_WARN_OBJC_ROOT_CLASS = YES_ERROR;
				CLANG_WARN_RANGE_LOOP_ANALYSIS = YES;
				CLANG_WARN_STRICT_PROTOTYPES = YES;
				CLANG_WARN_SUSPICIOUS_MOVE = YES;
				CLANG_WARN_UNGUARDED_AVAILABILITY = YES_AGGRESSIVE;
				CLANG_WARN_UNREACHABLE_CODE = YES;
				CLANG_WARN__DUPLICATE_METHOD_MATCH = YES;
				CODE_SIGN_IDENTITY = "Mac Developer";
				COPY_PHASE_STRIP = NO;
				DEBUG_INFORMATION_FORMAT = "dwarf-with-dsym";
				ENABLE_NS_ASSERTIONS = NO;
				ENABLE_STRICT_OBJC_MSGSEND = YES;
				GCC_C_LANGUAGE_STANDARD = gnu11;
				GCC_NO_COMMON_BLOCKS = YES;
				GCC_WARN_64_TO_32_BIT_CONVERSION = YES;
				GCC_WARN_ABOUT_RETURN_TYPE = YES_ERROR;
				GCC_WARN_UNDECLARED_SELECTOR = YES;
				GCC_WARN_UNINITIALIZED_AUTOS = YES_AGGRESSIVE;
				GCC_WARN_UNUSED_FUNCTION = YES;
				GCC_WARN_UNUSED_VARIABLE = YES;
				MACOSX_DEPLOYMENT_TARGET = 10.13;
				MTL_ENABLE_DEBUG_INFO = NO;
				SDKROOT = macosx;
			};
			name = Release;
		};
		0F583A3C207C7F130081D2AB /* Debug */ = {
			isa = XCBuildConfiguration;
			buildSettings = {
				CODE_SIGN_STYLE = Automatic;
				DEVELOPMENT_TEAM = CXM85TED8A;
				PRODUCT_NAME = "$(TARGET_NAME)";
			};
			name = Debug;
		};
		0F583A3D207C7F130081D2AB /* Release */ = {
			isa = XCBuildConfiguration;
			buildSettings = {
				CODE_SIGN_STYLE = Automatic;
				DEVELOPMENT_TEAM = CXM85TED8A;
				PRODUCT_NAME = "$(TARGET_NAME)";
			};
			name = Release;
		};
/* End XCBuildConfiguration section */

/* Begin XCConfigurationList section */
		0F583A2F207C7F130081D2AB /* Build configuration list for PBXProject "traffic" */ = {
			isa = XCConfigurationList;
			buildConfigurations = (
				0F583A39207C7F130081D2AB /* Debug */,
				0F583A3A207C7F130081D2AB /* Release */,
			);
			defaultConfigurationIsVisible = 0;
			defaultConfigurationName = Release;
		};
		0F583A3B207C7F130081D2AB /* Build configuration list for PBXNativeTarget "traffic" */ = {
			isa = XCConfigurationList;
			buildConfigurations = (
				0F583A3C207C7F130081D2AB /* Debug */,
				0F583A3D207C7F130081D2AB /* Release */,
			);
			defaultConfigurationIsVisible = 0;
			defaultConfigurationName = Release;
		};
/* End XCConfigurationList section */
	};
	rootObject = 0F583A2C207C7F130081D2AB /* Project object */;
}
